
Microsoft Visual Studio Solution File, Format Version 12.00
# Visual Studio Version 17
VisualStudioVersion = 17.4.33213.308
MinimumVisualStudioVersion = 10.0.40219.1
Project("{FAE04EC0-301F-11D3-BF4B-00C04F79EFBC}") = "WebApplication1", "WebApplication1\WebApplication1.csproj", "{4ADEE527-9AB0-4D8E-B2FD-E18D54655EBF}"
EndProject
Global
	GlobalSection(SolutionConfigurationPlatforms) = preSolution
		Debug|Any CPU = Debug|Any CPU
		Release|Any CPU = Release|Any CPU
	EndGlobalSection
	GlobalSection(ProjectConfigurationPlatforms) = postSolution
		{4ADEE527-9AB0-4D8E-B2FD-E18D54655EBF}.Debug|Any CPU.ActiveCfg = Debug|Any CPU
		{4ADEE527-9AB0-4D8E-B2FD-E18D54655EBF}.Debug|Any CPU.Build.0 = Debug|Any CPU
		{4ADEE527-9AB0-4D8E-B2FD-E18D54655EBF}.Release|Any CPU.ActiveCfg = Release|Any CPU
		{4ADEE527-9AB0-4D8E-B2FD-E18D54655EBF}.Release|Any CPU.Build.0 = Release|Any CPU
	EndGlobalSection
	GlobalSection(SolutionProperties) = preSolution
		HideSolutionNode = FALSE
	EndGlobalSection
	GlobalSection(ExtensibilityGlobals) = postSolution
		SolutionGuid = {D7326302-01C7-4915-9639-E382ECBE6D09}
	EndGlobalSection
EndGlobal
